// !$*UTF8*$!
{
	archiveVersion = 1;
	classes = {
	};
	objectVersion = 56;
	objects = {

/* Begin PBXBuildFile section */
		188670A928FEAE75001A388D /* AppDelegate.swift in Sources */ = {isa = PBXBuildFile; fileRef = 188670A828FEAE75001A388D /* AppDelegate.swift */; };
		188670AB28FEAE75001A388D /* SceneDelegate.swift in Sources */ = {isa = PBXBuildFile; fileRef = 188670AA28FEAE75001A388D /* SceneDelegate.swift */; };
		188670AD28FEAE75001A388D /* ViewController.swift in Sources */ = {isa = PBXBuildFile; fileRef = 188670AC28FEAE75001A388D /* ViewController.swift */; };
		188670B028FEAE75001A388D /* Main.storyboard in Resources */ = {isa = PBXBuildFile; fileRef = 188670AE28FEAE75001A388D /* Main.storyboard */; };
		188670B328FEAE75001A388D /* webView.xcdatamodeld in Sources */ = {isa = PBXBuildFile; fileRef = 188670B128FEAE75001A388D /* webView.xcdatamodeld */; };
		188670B528FEAE78001A388D /* Assets.xcassets in Resources */ = {isa = PBXBuildFile; fileRef = 188670B428FEAE78001A388D /* Assets.xcassets */; };
		188670B828FEAE78001A388D /* LaunchScreen.storyboard in Resources */ = {isa = PBXBuildFile; fileRef = 188670B628FEAE78001A388D /* LaunchScreen.storyboard */; };
		188670C328FEAE79001A388D /* webViewTests.swift in Sources */ = {isa = PBXBuildFile; fileRef = 188670C228FEAE79001A388D /* webViewTests.swift */; };
		188670CD28FEAE79001A388D /* webViewUITests.swift in Sources */ = {isa = PBXBuildFile; fileRef = 188670CC28FEAE79001A388D /* webViewUITests.swift */; };
		188670CF28FEAE79001A388D /* webViewUITestsLaunchTests.swift in Sources */ = {isa = PBXBuildFile; fileRef = 188670CE28FEAE79001A388D /* webViewUITestsLaunchTests.swift */; };
/* End PBXBuildFile section */

/* Begin PBXContainerItemProxy section */
		188670BF28FEAE79001A388D /* PBXContainerItemProxy */ = {
			isa = PBXContainerItemProxy;
			containerPortal = 1886709D28FEAE75001A388D /* Project object */;
			proxyType = 1;
			remoteGlobalIDString = 188670A428FEAE75001A388D;
			remoteInfo = webView;
		};
		188670C928FEAE79001A388D /* PBXContainerItemProxy */ = {
			isa = PBXContainerItemProxy;
			containerPortal = 1886709D28FEAE75001A388D /* Project object */;
			proxyType = 1;
			remoteGlobalIDString = 188670A428FEAE75001A388D;
			remoteInfo = webView;
		};
/* End PBXContainerItemProxy section */

/* Begin PBXFileReference section */
		188670A528FEAE75001A388D /* webView.app */ = {isa = PBXFileReference; explicitFileType = wrapper.application; includeInIndex = 0; path = webView.app; sourceTree = BUILT_PRODUCTS_DIR; };
		188670A828FEAE75001A388D /* AppDelegate.swift */ = {isa = PBXFileReference; lastKnownFileType = sourcecode.swift; path = AppDelegate.swift; sourceTree = "<group>"; };
		188670AA28FEAE75001A388D /* SceneDelegate.swift */ = {isa = PBXFileReference; lastKnownFileType = sourcecode.swift; path = SceneDelegate.swift; sourceTree = "<group>"; };
		188670AC28FEAE75001A388D /* ViewController.swift */ = {isa = PBXFileReference; lastKnownFileType = sourcecode.swift; path = ViewController.swift; sourceTree = "<group>"; };
		188670AF28FEAE75001A388D /* Base */ = {isa = PBXFileReference; lastKnownFileType = file.storyboard; name = Base; path = Base.lproj/Main.storyboard; sourceTree = "<group>"; };
		188670B228FEAE75001A388D /* webView.xcdatamodel */ = {isa = PBXFileReference; lastKnownFileType = wrapper.xcdatamodel; path = webView.xcdatamodel; sourceTree = "<group>"; };
		188670B428FEAE78001A388D /* Assets.xcassets */ = {isa = PBXFileReference; lastKnownFileType = folder.assetcatalog; path = Assets.xcassets; sourceTree = "<group>"; };
		188670B728FEAE78001A388D /* Base */ = {isa = PBXFileReference; lastKnownFileType = file.storyboard; name = Base; path = Base.lproj/LaunchScreen.storyboard; sourceTree = "<group>"; };
		188670B928FEAE78001A388D /* Info.plist */ = {isa = PBXFileReference; lastKnownFileType = text.plist.xml; path = Info.plist; sourceTree = "<group>"; };
		188670BE28FEAE79001A388D /* webViewTests.xctest */ = {isa = PBXFileReference; explicitFileType = wrapper.cfbundle; includeInIndex = 0; path = webViewTests.xctest; sourceTree = BUILT_PRODUCTS_DIR; };
		188670C228FEAE79001A388D /* webViewTests.swift */ = {isa = PBXFileReference; lastKnownFileType = sourcecode.swift; path = webViewTests.swift; sourceTree = "<group>"; };
		188670C828FEAE79001A388D /* webViewUITests.xctest */ = {isa = PBXFileReference; explicitFileType = wrapper.cfbundle; includeInIndex = 0; path = webViewUITests.xctest; sourceTree = BUILT_PRODUCTS_DIR; };
		188670CC28FEAE79001A388D /* webViewUITests.swift */ = {isa = PBXFileReference; lastKnownFileType = sourcecode.swift; path = webViewUITests.swift; sourceTree = "<group>"; };
		188670CE28FEAE79001A388D /* webViewUITestsLaunchTests.swift */ = {isa = PBXFileReference; lastKnownFileType = sourcecode.swift; path = webViewUITestsLaunchTests.swift; sourceTree = "<group>"; };
/* End PBXFileReference section */

/* Begin PBXFrameworksBuildPhase section */
		188670A228FEAE75001A388D /* Frameworks */ = {
			isa = PBXFrameworksBuildPhase;
			buildActionMask = 2147483647;
			files = (
			);
			runOnlyForDeploymentPostprocessing = 0;
		};
		188670BB28FEAE79001A388D /* Frameworks */ = {
			isa = PBXFrameworksBuildPhase;
			buildActionMask = 2147483647;
			files = (
			);
			runOnlyForDeploymentPostprocessing = 0;
		};
		188670C528FEAE79001A388D /* Frameworks */ = {
			isa = PBXFrameworksBuildPhase;
			buildActionMask = 2147483647;
			files = (
			);
			runOnlyForDeploymentPostprocessing = 0;
		};
/* End PBXFrameworksBuildPhase section */

/* Begin PBXGroup section */
		1886709C28FEAE75001A388D = {
			isa = PBXGroup;
			children = (
				188670A728FEAE75001A388D /* webView */,
				188670C128FEAE79001A388D /* webViewTests */,
				188670CB28FEAE79001A388D /* webViewUITests */,
				188670A628FEAE75001A388D /* Products */,
			);
			sourceTree = "<group>";
		};
		188670A628FEAE75001A388D /* Products */ = {
			isa = PBXGroup;
			children = (
				188670A528FEAE75001A388D /* webView.app */,
				188670BE28FEAE79001A388D /* webViewTests.xctest */,
				188670C828FEAE79001A388D /* webViewUITests.xctest */,
			);
			name = Products;
			sourceTree = "<group>";
		};
		188670A728FEAE75001A388D /* webView */ = {
			isa = PBXGroup;
			children = (
				188670A828FEAE75001A388D /* AppDelegate.swift */,
				188670AA28FEAE75001A388D /* SceneDelegate.swift */,
				188670AC28FEAE75001A388D /* ViewController.swift */,
				188670AE28FEAE75001A388D /* Main.storyboard */,
				188670B428FEAE78001A388D /* Assets.xcassets */,
				188670B628FEAE78001A388D /* LaunchScreen.storyboard */,
				188670B928FEAE78001A388D /* Info.plist */,
				188670B128FEAE75001A388D /* webView.xcdatamodeld */,
			);
			path = webView;
			sourceTree = "<group>";
		};
		188670C128FEAE79001A388D /* webViewTests */ = {
			isa = PBXGroup;
			children = (
				188670C228FEAE79001A388D /* webViewTests.swift */,
			);
			path = webViewTests;
			sourceTree = "<group>";
		};
		188670CB28FEAE79001A388D /* webViewUITests */ = {
			isa = PBXGroup;
			children = (
				188670CC28FEAE79001A388D /* webViewUITests.swift */,
				188670CE28FEAE79001A388D /* webViewUITestsLaunchTests.swift */,
			);
			path = webViewUITests;
			sourceTree = "<group>";
		};
/* End PBXGroup section */

/* Begin PBXNativeTarget section */
		188670A428FEAE75001A388D /* webView */ = {
			isa = PBXNativeTarget;
			buildConfigurationList = 188670D228FEAE79001A388D /* Build configuration list for PBXNativeTarget "webView" */;
			buildPhases = (
				188670A128FEAE75001A388D /* Sources */,
				188670A228FEAE75001A388D /* Frameworks */,
				188670A328FEAE75001A388D /* Resources */,
			);
			buildRules = (
			);
			dependencies = (
			);
			name = webView;
			productName = webView;
			productReference = 188670A528FEAE75001A388D /* webView.app */;
			productType = "com.apple.product-type.application";
		};
		188670BD28FEAE79001A388D /* webViewTests */ = {
			isa = PBXNativeTarget;
			buildConfigurationList = 188670D528FEAE79001A388D /* Build configuration list for PBXNativeTarget "webViewTests" */;
			buildPhases = (
				188670BA28FEAE79001A388D /* Sources */,
				188670BB28FEAE79001A388D /* Frameworks */,
				188670BC28FEAE79001A388D /* Resources */,
			);
			buildRules = (
			);
			dependencies = (
				188670C028FEAE79001A388D /* PBXTargetDependency */,
			);
			name = webViewTests;
			productName = webViewTests;
			productReference = 188670BE28FEAE79001A388D /* webViewTests.xctest */;
			productType = "com.apple.product-type.bundle.unit-test";
		};
		188670C728FEAE79001A388D /* webViewUITests */ = {
			isa = PBXNativeTarget;
			buildConfigurationList = 188670D828FEAE79001A388D /* Build configuration list for PBXNativeTarget "webViewUITests" */;
			buildPhases = (
				188670C428FEAE79001A388D /* Sources */,
				188670C528FEAE79001A388D /* Frameworks */,
				188670C628FEAE79001A388D /* Resources */,
			);
			buildRules = (
			);
			dependencies = (
				188670CA28FEAE79001A388D /* PBXTargetDependency */,
			);
			name = webViewUITests;
			productName = webViewUITests;
			productReference = 188670C828FEAE79001A388D /* webViewUITests.xctest */;
			productType = "com.apple.product-type.bundle.ui-testing";
		};
/* End PBXNativeTarget section */

/* Begin PBXProject section */
		1886709D28FEAE75001A388D /* Project object */ = {
			isa = PBXProject;
			attributes = {
				BuildIndependentTargetsInParallel = 1;
				LastSwiftUpdateCheck = 1400;
				LastUpgradeCheck = 1400;
				TargetAttributes = {
					188670A428FEAE75001A388D = {
						CreatedOnToolsVersion = 14.0.1;
					};
					188670BD28FEAE79001A388D = {
						CreatedOnToolsVersion = 14.0.1;
						TestTargetID = 188670A428FEAE75001A388D;
					};
					188670C728FEAE79001A388D = {
						CreatedOnToolsVersion = 14.0.1;
						TestTargetID = 188670A428FEAE75001A388D;
					};
				};
			};
			buildConfigurationList = 188670A028FEAE75001A388D /* Build configuration list for PBXProject "webView" */;
			compatibilityVersion = "Xcode 14.0";
			developmentRegion = en;
			hasScannedForEncodings = 0;
			knownRegions = (
				en,
				Base,
			);
			mainGroup = 1886709C28FEAE75001A388D;
			productRefGroup = 188670A628FEAE75001A388D /* Products */;
			projectDirPath = "";
			projectRoot = "";
			targets = (
				188670A428FEAE75001A388D /* webView */,
				188670BD28FEAE79001A388D /* webViewTests */,
				188670C728FEAE79001A388D /* webViewUITests */,
			);
		};
/* End PBXProject section */

/* Begin PBXResourcesBuildPhase section */
		188670A328FEAE75001A388D /* Resources */ = {
			isa = PBXResourcesBuildPhase;
			buildActionMask = 2147483647;
			files = (
				188670B828FEAE78001A388D /* LaunchScreen.storyboard in Resources */,
				188670B528FEAE78001A388D /* Assets.xcassets in Resources */,
				188670B028FEAE75001A388D /* Main.storyboard in Resources */,
			);
			runOnlyForDeploymentPostprocessing = 0;
		};
		188670BC28FEAE79001A388D /* Resources */ = {
			isa = PBXResourcesBuildPhase;
			buildActionMask = 2147483647;
			files = (
			);
			runOnlyForDeploymentPostprocessing = 0;
		};
		188670C628FEAE79001A388D /* Resources */ = {
			isa = PBXResourcesBuildPhase;
			buildActionMask = 2147483647;
			files = (
			);
			runOnlyForDeploymentPostprocessing = 0;
		};
/* End PBXResourcesBuildPhase section */

/* Begin PBXSourcesBuildPhase section */
		188670A128FEAE75001A388D /* Sources */ = {
			isa = PBXSourcesBuildPhase;
			buildActionMask = 2147483647;
			files = (
				188670AD28FEAE75001A388D /* ViewController.swift in Sources */,
				188670B328FEAE75001A388D /* webView.xcdatamodeld in Sources */,
				188670A928FEAE75001A388D /* AppDelegate.swift in Sources */,
				188670AB28FEAE75001A388D /* SceneDelegate.swift in Sources */,
			);
			runOnlyForDeploymentPostprocessing = 0;
		};
		188670BA28FEAE79001A388D /* Sources */ = {
			isa = PBXSourcesBuildPhase;
			buildActionMask = 2147483647;
			files = (
				188670C328FEAE79001A388D /* webViewTests.swift in Sources */,
			);
			runOnlyForDeploymentPostprocessing = 0;
		};
		188670C428FEAE79001A388D /* Sources */ = {
			isa = PBXSourcesBuildPhase;
			buildActionMask = 2147483647;
			files = (
				188670CF28FEAE79001A388D /* webViewUITestsLaunchTests.swift in Sources */,
				188670CD28FEAE79001A388D /* webViewUITests.swift in Sources */,
			);
			runOnlyForDeploymentPostprocessing = 0;
		};
/* End PBXSourcesBuildPhase section */

/* Begin PBXTargetDependency section */
		188670C028FEAE79001A388D /* PBXTargetDependency */ = {
			isa = PBXTargetDependency;
			target = 188670A428FEAE75001A388D /* webView */;
			targetProxy = 188670BF28FEAE79001A388D /* PBXContainerItemProxy */;
		};
		188670CA28FEAE79001A388D /* PBXTargetDependency */ = {
			isa = PBXTargetDependency;
			target = 188670A428FEAE75001A388D /* webView */;
			targetProxy = 188670C928FEAE79001A388D /* PBXContainerItemProxy */;
		};
/* End PBXTargetDependency section */

/* Begin PBXVariantGroup section */
		188670AE28FEAE75001A388D /* Main.storyboard */ = {
			isa = PBXVariantGroup;
			children = (
				188670AF28FEAE75001A388D /* Base */,
			);
			name = Main.storyboard;
			sourceTree = "<group>";
		};
		188670B628FEAE78001A388D /* LaunchScreen.storyboard */ = {
			isa = PBXVariantGroup;
			children = (
				188670B728FEAE78001A388D /* Base */,
			);
			name = LaunchScreen.storyboard;
			sourceTree = "<group>";
		};
/* End PBXVariantGroup section */

/* Begin XCBuildConfiguration section */
		188670D028FEAE79001A388D /* Debug */ = {
			isa = XCBuildConfiguration;
			buildSettings = {
				ALWAYS_SEARCH_USER_PATHS = NO;
				CLANG_ANALYZER_NONNULL = YES;
				CLANG_ANALYZER_NUMBER_OBJECT_CONVERSION = YES_AGGRESSIVE;
				CLANG_CXX_LANGUAGE_STANDARD = "gnu++20";
				CLANG_ENABLE_MODULES = YES;
				CLANG_ENABLE_OBJC_ARC = YES;
				CLANG_ENABLE_OBJC_WEAK = YES;
				CLANG_WARN_BLOCK_CAPTURE_AUTORELEASING = YES;
				CLANG_WARN_BOOL_CONVERSION = YES;
				CLANG_WARN_COMMA = YES;
				CLANG_WARN_CONSTANT_CONVERSION = YES;
				CLANG_WARN_DEPRECATED_OBJC_IMPLEMENTATIONS = YES;
				CLANG_WARN_DIRECT_OBJC_ISA_USAGE = YES_ERROR;
				CLANG_WARN_DOCUMENTATION_COMMENTS = YES;
				CLANG_WARN_EMPTY_BODY = YES;
				CLANG_WARN_ENUM_CONVERSION = YES;
				CLANG_WARN_INFINITE_RECURSION = YES;
				CLANG_WARN_INT_CONVERSION = YES;
				CLANG_WARN_NON_LITERAL_NULL_CONVERSION = YES;
				CLANG_WARN_OBJC_IMPLICIT_RETAIN_SELF = YES;
				CLANG_WARN_OBJC_LITERAL_CONVERSION = YES;
				CLANG_WARN_OBJC_ROOT_CLASS = YES_ERROR;
				CLANG_WARN_QUOTED_INCLUDE_IN_FRAMEWORK_HEADER = YES;
				CLANG_WARN_RANGE_LOOP_ANALYSIS = YES;
				CLANG_WARN_STRICT_PROTOTYPES = YES;
				CLANG_WARN_SUSPICIOUS_MOVE = YES;
				CLANG_WARN_UNGUARDED_AVAILABILITY = YES_AGGRESSIVE;
				CLANG_WARN_UNREACHABLE_CODE = YES;
				CLANG_WARN__DUPLICATE_METHOD_MATCH = YES;
				COPY_PHASE_STRIP = NO;
				DEBUG_INFORMATION_FORMAT = dwarf;
				ENABLE_STRICT_OBJC_MSGSEND = YES;
				ENABLE_TESTABILITY = YES;
				GCC_C_LANGUAGE_STANDARD = gnu11;
				GCC_DYNAMIC_NO_PIC = NO;
				GCC_NO_COMMON_BLOCKS = YES;
				GCC_OPTIMIZATION_LEVEL = 0;
				GCC_PREPROCESSOR_DEFINITIONS = (
					"DEBUG=1",
					"$(inherited)",
				);
				GCC_WARN_64_TO_32_BIT_CONVERSION = YES;
				GCC_WARN_ABOUT_RETURN_TYPE = YES_ERROR;
				GCC_WARN_UNDECLARED_SELECTOR = YES;
				GCC_WARN_UNINITIALIZED_AUTOS = YES_AGGRESSIVE;
				GCC_WARN_UNUSED_FUNCTION = YES;
				GCC_WARN_UNUSED_VARIABLE = YES;
				IPHONEOS_DEPLOYMENT_TARGET = 16.0;
				MTL_ENABLE_DEBUG_INFO = INCLUDE_SOURCE;
				MTL_FAST_MATH = YES;
				ONLY_ACTIVE_ARCH = YES;
				SDKROOT = iphoneos;
				SWIFT_ACTIVE_COMPILATION_CONDITIONS = DEBUG;
				SWIFT_OPTIMIZATION_LEVEL = "-Onone";
			};
			name = Debug;
		};
		188670D128FEAE79001A388D /* Release */ = {
			isa = XCBuildConfiguration;
			buildSettings = {
				ALWAYS_SEARCH_USER_PATHS = NO;
				CLANG_ANALYZER_NONNULL = YES;
				CLANG_ANALYZER_NUMBER_OBJECT_CONVERSION = YES_AGGRESSIVE;
				CLANG_CXX_LANGUAGE_STANDARD = "gnu++20";
				CLANG_ENABLE_MODULES = YES;
				CLANG_ENABLE_OBJC_ARC = YES;
				CLANG_ENABLE_OBJC_WEAK = YES;
				CLANG_WARN_BLOCK_CAPTURE_AUTORELEASING = YES;
				CLANG_WARN_BOOL_CONVERSION = YES;
				CLANG_WARN_COMMA = YES;
				CLANG_WARN_CONSTANT_CONVERSION = YES;
				CLANG_WARN_DEPRECATED_OBJC_IMPLEMENTATIONS = YES;
				CLANG_WARN_DIRECT_OBJC_ISA_USAGE = YES_ERROR;
				CLANG_WARN_DOCUMENTATION_COMMENTS = YES;
				CLANG_WARN_EMPTY_BODY = YES;
				CLANG_WARN_ENUM_CONVERSION = YES;
				CLANG_WARN_INFINITE_RECURSION = YES;
				CLANG_WARN_INT_CONVERSION = YES;
				CLANG_WARN_NON_LITERAL_NULL_CONVERSION = YES;
				CLANG_WARN_OBJC_IMPLICIT_RETAIN_SELF = YES;
				CLANG_WARN_OBJC_LITERAL_CONVERSION = YES;
				CLANG_WARN_OBJC_ROOT_CLASS = YES_ERROR;
				CLANG_WARN_QUOTED_INCLUDE_IN_FRAMEWORK_HEADER = YES;
				CLANG_WARN_RANGE_LOOP_ANALYSIS = YES;
				CLANG_WARN_STRICT_PROTOTYPES = YES;
				CLANG_WARN_SUSPICIOUS_MOVE = YES;
				CLANG_WARN_UNGUARDED_AVAILABILITY = YES_AGGRESSIVE;
				CLANG_WARN_UNREACHABLE_CODE = YES;
				CLANG_WARN__DUPLICATE_METHOD_MATCH = YES;
				COPY_PHASE_STRIP = NO;
				DEBUG_INFORMATION_FORMAT = "dwarf-with-dsym";
				ENABLE_NS_ASSERTIONS = NO;
				ENABLE_STRICT_OBJC_MSGSEND = YES;
				GCC_C_LANGUAGE_STANDARD = gnu11;
				GCC_NO_COMMON_BLOCKS = YES;
				GCC_WARN_64_TO_32_BIT_CONVERSION = YES;
				GCC_WARN_ABOUT_RETURN_TYPE = YES_ERROR;
				GCC_WARN_UNDECLARED_SELECTOR = YES;
				GCC_WARN_UNINITIALIZED_AUTOS = YES_AGGRESSIVE;
				GCC_WARN_UNUSED_FUNCTION = YES;
				GCC_WARN_UNUSED_VARIABLE = YES;
				IPHONEOS_DEPLOYMENT_TARGET = 16.0;
				MTL_ENABLE_DEBUG_INFO = NO;
				MTL_FAST_MATH = YES;
				SDKROOT = iphoneos;
				SWIFT_COMPILATION_MODE = wholemodule;
				SWIFT_OPTIMIZATION_LEVEL = "-O";
				VALIDATE_PRODUCT = YES;
			};
			name = Release;
		};
		188670D328FEAE79001A388D /* Debug */ = {
			isa = XCBuildConfiguration;
			buildSettings = {
				ASSETCATALOG_COMPILER_APPICON_NAME = AppIcon;
				ASSETCATALOG_COMPILER_GLOBAL_ACCENT_COLOR_NAME = AccentColor;
				CODE_SIGN_STYLE = Automatic;
				CURRENT_PROJECT_VERSION = 1;
				DEVELOPMENT_TEAM = P42ZD633KP;
				GENERATE_INFOPLIST_FILE = YES;
				INFOPLIST_FILE = webView/Info.plist;
				INFOPLIST_KEY_UIApplicationSupportsIndirectInputEvents = YES;
				INFOPLIST_KEY_UILaunchStoryboardName = LaunchScreen;
				INFOPLIST_KEY_UIMainStoryboardFile = Main;
				INFOPLIST_KEY_UISupportedInterfaceOrientations_iPad = "UIInterfaceOrientationPortrait UIInterfaceOrientationPortraitUpsideDown UIInterfaceOrientationLandscapeLeft UIInterfaceOrientationLandscapeRight";
				INFOPLIST_KEY_UISupportedInterfaceOrientations_iPhone = "UIInterfaceOrientationPortrait UIInterfaceOrientationLandscapeLeft UIInterfaceOrientationLandscapeRight";
				LD_RUNPATH_SEARCH_PATHS = (
					"$(inherited)",
					"@executable_path/Frameworks",
				);
				MARKETING_VERSION = 1.0;
				PRODUCT_BUNDLE_IDENTIFIER = ios.webView;
				PRODUCT_NAME = "$(TARGET_NAME)";
				SWIFT_EMIT_LOC_STRINGS = YES;
				SWIFT_VERSION = 5.0;
				TARGETED_DEVICE_FAMILY = "1,2";
			};
			name = Debug;
		};
		188670D428FEAE79001A388D /* Release */ = {
			isa = XCBuildConfiguration;
			buildSettings = {
				ASSETCATALOG_COMPILER_APPICON_NAME = AppIcon;
				ASSETCATALOG_COMPILER_GLOBAL_ACCENT_COLOR_NAME = AccentColor;
				CODE_SIGN_STYLE = Automatic;
				CURRENT_PROJECT_VERSION = 1;
				DEVELOPMENT_TEAM = P42ZD633KP;
				GENERATE_INFOPLIST_FILE = YES;
				INFOPLIST_FILE = webView/Info.plist;
				INFOPLIST_KEY_UIApplicationSupportsIndirectInputEvents = YES;
				INFOPLIST_KEY_UILaunchStoryboardName = LaunchScreen;
				INFOPLIST_KEY_UIMainStoryboardFile = Main;
				INFOPLIST_KEY_UISupportedInterfaceOrientations_iPad = "UIInterfaceOrientationPortrait UIInterfaceOrientationPortraitUpsideDown UIInterfaceOrientationLandscapeLeft UIInterfaceOrientationLandscapeRight";
				INFOPLIST_KEY_UISupportedInterfaceOrientations_iPhone = "UIInterfaceOrientationPortrait UIInterfaceOrientationLandscapeLeft UIInterfaceOrientationLandscapeRight";
				LD_RUNPATH_SEARCH_PATHS = (
					"$(inherited)",
					"@executable_path/Frameworks",
				);
				MARKETING_VERSION = 1.0;
				PRODUCT_BUNDLE_IDENTIFIER = ios.webView;
				PRODUCT_NAME = "$(TARGET_NAME)";
				SWIFT_EMIT_LOC_STRINGS = YES;
				SWIFT_VERSION = 5.0;
				TARGETED_DEVICE_FAMILY = "1,2";
			};
			name = Release;
		};
		188670D628FEAE79001A388D /* Debug */ = {
			isa = XCBuildConfiguration;
			buildSettings = {
				ALWAYS_EMBED_SWIFT_STANDARD_LIBRARIES = YES;
				BUNDLE_LOADER = "$(TEST_HOST)";
				CODE_SIGN_STYLE = Automatic;
				CURRENT_PROJECT_VERSION = 1;
				DEVELOPMENT_TEAM = P42ZD633KP;
				GENERATE_INFOPLIST_FILE = YES;
				IPHONEOS_DEPLOYMENT_TARGET = 16.0;
				MARKETING_VERSION = 1.0;
				PRODUCT_BUNDLE_IDENTIFIER = ios.webViewTests;
				PRODUCT_NAME = "$(TARGET_NAME)";
				SWIFT_EMIT_LOC_STRINGS = NO;
				SWIFT_VERSION = 5.0;
				TARGETED_DEVICE_FAMILY = "1,2";
				TEST_HOST = "$(BUILT_PRODUCTS_DIR)/webView.app/$(BUNDLE_EXECUTABLE_FOLDER_PATH)/webView";
			};
			name = Debug;
		};
		188670D728FEAE79001A388D /* Release */ = {
			isa = XCBuildConfiguration;
			buildSettings = {
				ALWAYS_EMBED_SWIFT_STANDARD_LIBRARIES = YES;
				BUNDLE_LOADER = "$(TEST_HOST)";
				CODE_SIGN_STYLE = Automatic;
				CURRENT_PROJECT_VERSION = 1;
				DEVELOPMENT_TEAM = P42ZD633KP;
				GENERATE_INFOPLIST_FILE = YES;
				IPHONEOS_DEPLOYMENT_TARGET = 16.0;
				MARKETING_VERSION = 1.0;
				PRODUCT_BUNDLE_IDENTIFIER = ios.webViewTests;
				PRODUCT_NAME = "$(TARGET_NAME)";
				SWIFT_EMIT_LOC_STRINGS = NO;
				SWIFT_VERSION = 5.0;
				TARGETED_DEVICE_FAMILY = "1,2";
				TEST_HOST = "$(BUILT_PRODUCTS_DIR)/webView.app/$(BUNDLE_EXECUTABLE_FOLDER_PATH)/webView";
			};
			name = Release;
		};
		188670D928FEAE79001A388D /* Debug */ = {
			isa = XCBuildConfiguration;
			buildSettings = {
				ALWAYS_EMBED_SWIFT_STANDARD_LIBRARIES = YES;
				CODE_SIGN_STYLE = Automatic;
				CURRENT_PROJECT_VERSION = 1;
				DEVELOPMENT_TEAM = P42ZD633KP;
				GENERATE_INFOPLIST_FILE = YES;
				MARKETING_VERSION = 1.0;
				PRODUCT_BUNDLE_IDENTIFIER = ios.webViewUITests;
				PRODUCT_NAME = "$(TARGET_NAME)";
				SWIFT_EMIT_LOC_STRINGS = NO;
				SWIFT_VERSION = 5.0;
				TARGETED_DEVICE_FAMILY = "1,2";
				TEST_TARGET_NAME = webView;
			};
			name = Debug;
		};
		188670DA28FEAE79001A388D /* Release */ = {
			isa = XCBuildConfiguration;
			buildSettings = {
				ALWAYS_EMBED_SWIFT_STANDARD_LIBRARIES = YES;
				CODE_SIGN_STYLE = Automatic;
				CURRENT_PROJECT_VERSION = 1;
				DEVELOPMENT_TEAM = P42ZD633KP;
				GENERATE_INFOPLIST_FILE = YES;
				MARKETING_VERSION = 1.0;
				PRODUCT_BUNDLE_IDENTIFIER = ios.webViewUITests;
				PRODUCT_NAME = "$(TARGET_NAME)";
				SWIFT_EMIT_LOC_STRINGS = NO;
				SWIFT_VERSION = 5.0;
				TARGETED_DEVICE_FAMILY = "1,2";
				TEST_TARGET_NAME = webView;
			};
			name = Release;
		};
/* End XCBuildConfiguration section */

/* Begin XCConfigurationList section */
		188670A028FEAE75001A388D /* Build configuration list for PBXProject "webView" */ = {
			isa = XCConfigurationList;
			buildConfigurations = (
				188670D028FEAE79001A388D /* Debug */,
				188670D128FEAE79001A388D /* Release */,
			);
			defaultConfigurationIsVisible = 0;
			defaultConfigurationName = Release;
		};
		188670D228FEAE79001A388D /* Build configuration list for PBXNativeTarget "webView" */ = {
			isa = XCConfigurationList;
			buildConfigurations = (
				188670D328FEAE79001A388D /* Debug */,
				188670D428FEAE79001A388D /* Release */,
			);
			defaultConfigurationIsVisible = 0;
			defaultConfigurationName = Release;
		};
		188670D528FEAE79001A388D /* Build configuration list for PBXNativeTarget "webViewTests" */ = {
			isa = XCConfigurationList;
			buildConfigurations = (
				188670D628FEAE79001A388D /* Debug */,
				188670D728FEAE79001A388D /* Release */,
			);
			defaultConfigurationIsVisible = 0;
			defaultConfigurationName = Release;
		};
		188670D828FEAE79001A388D /* Build configuration list for PBXNativeTarget "webViewUITests" */ = {
			isa = XCConfigurationList;
			buildConfigurations = (
				188670D928FEAE79001A388D /* Debug */,
				188670DA28FEAE79001A388D /* Release */,
			);
			defaultConfigurationIsVisible = 0;
			defaultConfigurationName = Release;
		};
/* End XCConfigurationList section */

/* Begin XCVersionGroup section */
		188670B128FEAE75001A388D /* webView.xcdatamodeld */ = {
			isa = XCVersionGroup;
			children = (
				188670B228FEAE75001A388D /* webView.xcdatamodel */,
			);
			currentVersion = 188670B228FEAE75001A388D /* webView.xcdatamodel */;
			path = webView.xcdatamodeld;
			sourceTree = "<group>";
			versionGroupType = wrapper.xcdatamodel;
		};
/* End XCVersionGroup section */
	};
	rootObject = 1886709D28FEAE75001A388D /* Project object */;
}
